
Microsoft Visual Studio Solution File, Format Version 12.00
# Visual Studio Version 17
VisualStudioVersion = 17.9.34616.47
MinimumVisualStudioVersion = 10.0.40219.1
Project("{8BC9CEB8-8B4A-11D0-8D11-00A0C91BC942}") = "Cascade-QKD_BB84-Post-Processing_C++", "Cascade-QKD_BB84-Post-Processing_C++\Cascade-QKD_BB84-Post-Processing_C++.vcxproj", "{22FFA5A6-A440-47BC-BA14-70FDC7B73CA2}"
EndProject
Global
	GlobalSection(SolutionConfigurationPlatforms) = preSolution
		Debug|x64 = Debug|x64
		Debug|x86 = Debug|x86
		Release|x64 = Release|x64
		Release|x86 = Release|x86
	EndGlobalSection
	GlobalSection(ProjectConfigurationPlatforms) = postSolution
		{22FFA5A6-A440-47BC-BA14-70FDC7B73CA2}.Debug|x64.ActiveCfg = Debug|x64
		{22FFA5A6-A440-47BC-BA14-70FDC7B73CA2}.Debug|x64.Build.0 = Debug|x64
		{22FFA5A6-A440-47BC-BA14-70FDC7B73CA2}.Debug|x86.ActiveCfg = Debug|Win32
		{22FFA5A6-A440-47BC-BA14-70FDC7B73CA2}.Debug|x86.Build.0 = Debug|Win32
		{22FFA5A6-A440-47BC-BA14-70FDC7B73CA2}.Release|x64.ActiveCfg = Release|x64
		{22FFA5A6-A440-47BC-BA14-70FDC7B73CA2}.Release|x64.Build.0 = Release|x64
		{22FFA5A6-A440-47BC-BA14-70FDC7B73CA2}.Release|x86.ActiveCfg = Release|Win32
		{22FFA5A6-A440-47BC-BA14-70FDC7B73CA2}.Release|x86.Build.0 = Release|Win32
	EndGlobalSection
	GlobalSection(SolutionProperties) = preSolution
		HideSolutionNode = FALSE
	EndGlobalSection
	GlobalSection(ExtensibilityGlobals) = postSolution
		SolutionGuid = {9CE7A6E5-0228-4F7A-B67A-5BC633E41134}
	EndGlobalSection
EndGlobal
