<?xml version="1.0" encoding="utf-8"?>
<Project ToolsVersion="4.0" xmlns="http://schemas.microsoft.com/developer/msbuild/2003">
  <ItemGroup>
    <Filter Include="Source Files">
      <UniqueIdentifier>{4FC737F1-C7A5-4376-A066-2A32D752A2FF}</UniqueIdentifier>
      <Extensions>cpp;c;cc;cxx;c++;cppm;ixx;def;odl;idl;hpj;bat;asm;asmx</Extensions>
    </Filter>
    <Filter Include="Header Files">
      <UniqueIdentifier>{93995380-89BD-4b04-88EB-625FBE52EBFB}</UniqueIdentifier>
      <Extensions>h;hh;hpp;hxx;h++;hm;inl;inc;ipp;xsd</Extensions>
    </Filter>
    <Filter Include="Resource Files">
      <UniqueIdentifier>{67DA6AB6-F800-4c08-8B7A-83BB121AAD01}</UniqueIdentifier>
      <Extensions>rc;ico;cur;bmp;dlg;rc2;rct;bin;rgs;gif;jpg;jpeg;jpe;resx;tiff;tif;png;wav;mfcribbon-ms</Extensions>
    </Filter>
    <Filter Include="Header Files\Cascade_Alice">
      <UniqueIdentifier>{3d30ac00-c132-4719-91f7-a1c6048bce63}</UniqueIdentifier>
    </Filter>
    <Filter Include="Header Files\Cascade_Bob">
      <UniqueIdentifier>{63770836-de9b-4215-816d-e422d3d87d07}</UniqueIdentifier>
    </Filter>
    <Filter Include="Source Files\Cascade_Alice">
      <UniqueIdentifier>{c3fa6dd8-fd36-48b9-bfa7-ecddc669391c}</UniqueIdentifier>
    </Filter>
    <Filter Include="Source Files\Cascade_Bob">
      <UniqueIdentifier>{5129d7c7-b1e4-4a00-9710-9c202daf1518}</UniqueIdentifier>
    </Filter>
  </ItemGroup>
  <ItemGroup>
    <ClCompile Include="main.cpp">
      <Filter>Source Files</Filter>
    </ClCompile>
    <ClCompile Include="Cascade_Alice.cpp">
      <Filter>Source Files\Cascade_Alice</Filter>
    </ClCompile>
    <ClCompile Include="Cascade_Bob.cpp">
      <Filter>Source Files\Cascade_Bob</Filter>
    </ClCompile>
    <ClCompile Include="Cascade_Alice_Processing.cpp">
      <Filter>Source Files\Cascade_Alice</Filter>
    </ClCompile>
    <ClCompile Include="message_Struct.cpp">
      <Filter>Source Files</Filter>
    </ClCompile>
    <ClCompile Include="Cascade_Bob_Processing.cpp">
      <Filter>Source Files\Cascade_Bob</Filter>
    </ClCompile>
  </ItemGroup>
  <ItemGroup>
    <ClInclude Include="Cascade_Alice.h">
      <Filter>Header Files\Cascade_Alice</Filter>
    </ClInclude>
    <ClInclude Include="Cascade_Bob.h">
      <Filter>Header Files\Cascade_Bob</Filter>
    </ClInclude>
    <ClInclude Include="Cascade_Alice_Processing.h">
      <Filter>Header Files\Cascade_Alice</Filter>
    </ClInclude>
    <ClInclude Include="Cascade_Bob_Processing.h">
      <Filter>Header Files\Cascade_Bob</Filter>
    </ClInclude>
  </ItemGroup>
</Project>